PODS:
  - SSZipArchive (0.3.1)
  - Stork (0.0.1):
    - SSZipArchive (~> 0.3.1)

DEPENDENCIES:
  - Stork (from `https://github.com/StorkHQ/stork-ios.git`)

EXTERNAL SOURCES:
  Stork:
    :git: https://github.com/StorkHQ/stork-ios.git

SPEC CHECKSUMS:
  SSZipArchive: 6dc0ea3fe4b55574bee23c9f01d7c0f8437d59ef
  Stork: 3073fcfe9f58b04b89956e5049430a4a76e7b6eb

COCOAPODS: 0.33.1
